Microsoft Visual Studio Solution File, Format Version 12.00
# Visual Studio Version 17
VisualStudioVersion = 17.5.2.0
MinimumVisualStudioVersion = 10.0.40219.1
Project("{FAE04EC0-301F-11D3-BF4B-00C04F79EFBC}") = "Hcxmmx_King_Skin", "Hcxmmx_King_Skin.csproj", "{C9B6DFB3-8B0B-86C5-A516-25B20DFCE7D8}"
EndProject
Global
	GlobalSection(SolutionConfigurationPlatforms) = preSolution
		Debug|Any CPU = Debug|Any CPU
		Release|Any CPU = Release|Any CPU
	EndGlobalSection
	GlobalSection(ProjectConfigurationPlatforms) = postSolution
		{C9B6DFB3-8B0B-86C5-A516-25B20DFCE7D8}.Debug|Any CPU.ActiveCfg = Debug|Any CPU
		{C9B6DFB3-8B0B-86C5-A516-25B20DFCE7D8}.Debug|Any CPU.Build.0 = Debug|Any CPU
		{C9B6DFB3-8B0B-86C5-A516-25B20DFCE7D8}.Release|Any CPU.ActiveCfg = Release|Any CPU
		{C9B6DFB3-8B0B-86C5-A516-25B20DFCE7D8}.Release|Any CPU.Build.0 = Release|Any CPU
	EndGlobalSection
	GlobalSection(SolutionProperties) = preSolution
		HideSolutionNode = FALSE
	EndGlobalSection
	GlobalSection(ExtensibilityGlobals) = postSolution
		SolutionGuid = {1F00E924-D159-40FF-9BBC-B5A2CD62F64A}
	EndGlobalSection
EndGlobal
